
Microsoft Visual Studio Solution File, Format Version 12.00
# Visual Studio 2013
VisualStudioVersion = 12.0.30723.0
MinimumVisualStudioVersion = 10.0.40219.1
Project("{FAE04EC0-301F-11D3-BF4B-00C04F79EFBC}") = "BlogApp.DataAccess", "BlogApp.DataAccess\BlogApp.DataAccess.csproj", "{BF1DC20A-AF8B-496D-9736-00A429D21460}"
EndProject
Project("{FAE04EC0-301F-11D3-BF4B-00C04F79EFBC}") = "BlogApp.Logger", "BlogApp.Logger\BlogApp.Logger.csproj", "{FEC18373-C961-4CC6-B6D7-40B3C22C9DC5}"
EndProject
Project("{FAE04EC0-301F-11D3-BF4B-00C04F79EFBC}") = "BlogApp.Manager", "BlogApp.Manager\BlogApp.Manager.csproj", "{355D318B-0F58-49F4-A09A-BFFAA3D5686D}"
EndProject
Project("{FAE04EC0-301F-11D3-BF4B-00C04F79EFBC}") = "BlogApp.Models", "BlogApp.Models\BlogApp.Models.csproj", "{445964E7-0321-4075-9883-31930AAC6788}"
EndProject
Project("{FAE04EC0-301F-11D3-BF4B-00C04F79EFBC}") = "BlogApp.Web", "BlogApp.Web\BlogApp.Web.csproj", "{3D2AD378-C54D-411F-8A38-E3D8E3463BE4}"
EndProject
Project("{FAE04EC0-301F-11D3-BF4B-00C04F79EFBC}") = "BlogApp.UnityInjector", "BlogApp.UnityInjector\BlogApp.UnityInjector.csproj", "{D77C2BC5-84A9-4378-9283-BB929D6F1661}"
EndProject
Project("{FAE04EC0-301F-11D3-BF4B-00C04F79EFBC}") = "BlogApp.ILogger", "BlogApp.ILogger\BlogApp.ILogger.csproj", "{FB5C8245-1FAC-4C44-9720-4082521DB839}"
EndProject
Project("{FAE04EC0-301F-11D3-BF4B-00C04F79EFBC}") = "BlogApp.Utilities", "BlogApp.Utilities\BlogApp.Utilities.csproj", "{A490028A-6970-4F13-994C-D25E1DB5CB07}"
EndProject
Project("{FAE04EC0-301F-11D3-BF4B-00C04F79EFBC}") = "BlogApp.VideoPlayer", "BlogApp.VideoPlayer\BlogApp.VideoPlayer.csproj", "{70A36EF3-A79F-45A0-BBE8-E06809376069}"
EndProject
Global
	GlobalSection(SolutionConfigurationPlatforms) = preSolution
		Debug|Any CPU = Debug|Any CPU
		Release|Any CPU = Release|Any CPU
	EndGlobalSection
	GlobalSection(ProjectConfigurationPlatforms) = postSolution
		{BF1DC20A-AF8B-496D-9736-00A429D21460}.Debug|Any CPU.ActiveCfg = Debug|Any CPU
		{BF1DC20A-AF8B-496D-9736-00A429D21460}.Debug|Any CPU.Build.0 = Debug|Any CPU
		{BF1DC20A-AF8B-496D-9736-00A429D21460}.Release|Any CPU.ActiveCfg = Release|Any CPU
		{BF1DC20A-AF8B-496D-9736-00A429D21460}.Release|Any CPU.Build.0 = Release|Any CPU
		{FEC18373-C961-4CC6-B6D7-40B3C22C9DC5}.Debug|Any CPU.ActiveCfg = Debug|Any CPU
		{FEC18373-C961-4CC6-B6D7-40B3C22C9DC5}.Debug|Any CPU.Build.0 = Debug|Any CPU
		{FEC18373-C961-4CC6-B6D7-40B3C22C9DC5}.Release|Any CPU.ActiveCfg = Release|Any CPU
		{FEC18373-C961-4CC6-B6D7-40B3C22C9DC5}.Release|Any CPU.Build.0 = Release|Any CPU
		{355D318B-0F58-49F4-A09A-BFFAA3D5686D}.Debug|Any CPU.ActiveCfg = Debug|Any CPU
		{355D318B-0F58-49F4-A09A-BFFAA3D5686D}.Debug|Any CPU.Build.0 = Debug|Any CPU
		{355D318B-0F58-49F4-A09A-BFFAA3D5686D}.Release|Any CPU.ActiveCfg = Release|Any CPU
		{355D318B-0F58-49F4-A09A-BFFAA3D5686D}.Release|Any CPU.Build.0 = Release|Any CPU
		{445964E7-0321-4075-9883-31930AAC6788}.Debug|Any CPU.ActiveCfg = Debug|Any CPU
		{445964E7-0321-4075-9883-31930AAC6788}.Debug|Any CPU.Build.0 = Debug|Any CPU
		{445964E7-0321-4075-9883-31930AAC6788}.Release|Any CPU.ActiveCfg = Release|Any CPU
		{445964E7-0321-4075-9883-31930AAC6788}.Release|Any CPU.Build.0 = Release|Any CPU
		{3D2AD378-C54D-411F-8A38-E3D8E3463BE4}.Debug|Any CPU.ActiveCfg = Debug|Any CPU
		{3D2AD378-C54D-411F-8A38-E3D8E3463BE4}.Debug|Any CPU.Build.0 = Debug|Any CPU
		{3D2AD378-C54D-411F-8A38-E3D8E3463BE4}.Release|Any CPU.ActiveCfg = Release|Any CPU
		{3D2AD378-C54D-411F-8A38-E3D8E3463BE4}.Release|Any CPU.Build.0 = Release|Any CPU
		{D77C2BC5-84A9-4378-9283-BB929D6F1661}.Debug|Any CPU.ActiveCfg = Debug|Any CPU
		{D77C2BC5-84A9-4378-9283-BB929D6F1661}.Debug|Any CPU.Build.0 = Debug|Any CPU
		{D77C2BC5-84A9-4378-9283-BB929D6F1661}.Release|Any CPU.ActiveCfg = Release|Any CPU
		{D77C2BC5-84A9-4378-9283-BB929D6F1661}.Release|Any CPU.Build.0 = Release|Any CPU
		{FB5C8245-1FAC-4C44-9720-4082521DB839}.Debug|Any CPU.ActiveCfg = Debug|Any CPU
		{FB5C8245-1FAC-4C44-9720-4082521DB839}.Debug|Any CPU.Build.0 = Debug|Any CPU
		{FB5C8245-1FAC-4C44-9720-4082521DB839}.Release|Any CPU.ActiveCfg = Release|Any CPU
		{FB5C8245-1FAC-4C44-9720-4082521DB839}.Release|Any CPU.Build.0 = Release|Any CPU
		{A490028A-6970-4F13-994C-D25E1DB5CB07}.Debug|Any CPU.ActiveCfg = Debug|Any CPU
		{A490028A-6970-4F13-994C-D25E1DB5CB07}.Debug|Any CPU.Build.0 = Debug|Any CPU
		{A490028A-6970-4F13-994C-D25E1DB5CB07}.Release|Any CPU.ActiveCfg = Release|Any CPU
		{A490028A-6970-4F13-994C-D25E1DB5CB07}.Release|Any CPU.Build.0 = Release|Any CPU
		{70A36EF3-A79F-45A0-BBE8-E06809376069}.Debug|Any CPU.ActiveCfg = Debug|Any CPU
		{70A36EF3-A79F-45A0-BBE8-E06809376069}.Debug|Any CPU.Build.0 = Debug|Any CPU
		{70A36EF3-A79F-45A0-BBE8-E06809376069}.Release|Any CPU.ActiveCfg = Release|Any CPU
		{70A36EF3-A79F-45A0-BBE8-E06809376069}.Release|Any CPU.Build.0 = Release|Any CPU
	EndGlobalSection
	GlobalSection(SolutionProperties) = preSolution
		HideSolutionNode = FALSE
	EndGlobalSection
EndGlobal
